
Microsoft Visual Studio Solution File, Format Version 12.00
# Visual Studio Version 17
VisualStudioVersion = 17.0.33801.228
MinimumVisualStudioVersion = 10.0.40219.1
Project("{FAE04EC0-301F-11D3-BF4B-00C04F79EFBC}") = "TestFilesOperations", "TestFilesOperations\TestFilesOperations.csproj", "{5AF6A736-DB51-41DC-8CEB-724D15A82E53}"
EndProject
Global
	GlobalSection(SolutionConfigurationPlatforms) = preSolution
		Debug|Any CPU = Debug|Any CPU
		Release|Any CPU = Release|Any CPU
	EndGlobalSection
	GlobalSection(ProjectConfigurationPlatforms) = postSolution
		{5AF6A736-DB51-41DC-8CEB-724D15A82E53}.Debug|Any CPU.ActiveCfg = Debug|Any CPU
		{5AF6A736-DB51-41DC-8CEB-724D15A82E53}.Debug|Any CPU.Build.0 = Debug|Any CPU
		{5AF6A736-DB51-41DC-8CEB-724D15A82E53}.Release|Any CPU.ActiveCfg = Release|Any CPU
		{5AF6A736-DB51-41DC-8CEB-724D15A82E53}.Release|Any CPU.Build.0 = Release|Any CPU
	EndGlobalSection
	GlobalSection(SolutionProperties) = preSolution
		HideSolutionNode = FALSE
	EndGlobalSection
	GlobalSection(ExtensibilityGlobals) = postSolution
		SolutionGuid = {38048A3B-C531-471E-88D5-91D4ACF9957C}
	EndGlobalSection
EndGlobal
